
Microsoft Visual Studio Solution File, Format Version 12.00
# Visual Studio 14
VisualStudioVersion = 14.0.25420.1
MinimumVisualStudioVersion = 10.0.40219.1
Project("{FAE04EC0-301F-11D3-BF4B-00C04F79EFBC}") = "TheBank", "TheBank\TheBank.csproj", "{D92F90C3-7B48-4722-88E9-C913220B69B1}"
EndProject
Project("{FAE04EC0-301F-11D3-BF4B-00C04F79EFBC}") = "BLL", "BLL\BLL.csproj", "{D2E6A70E-B0D5-4F71-BF8B-9EDAC995867A}"
EndProject
Project("{FAE04EC0-301F-11D3-BF4B-00C04F79EFBC}") = "DAL", "DAL\DAL.csproj", "{98AEAA01-FF67-4733-A772-61A369106651}"
EndProject
Project("{FAE04EC0-301F-11D3-BF4B-00C04F79EFBC}") = "Model", "Model\Model.csproj", "{88C51912-E362-4EF5-807E-7526BDCC3B1E}"
EndProject
Project("{FAE04EC0-301F-11D3-BF4B-00C04F79EFBC}") = "UnitTest", "UnitTest\UnitTest.csproj", "{226D42CE-0406-47A6-A4A1-4520BDB2F45F}"
EndProject
Global
	GlobalSection(SolutionConfigurationPlatforms) = preSolution
		Debug|Any CPU = Debug|Any CPU
		Release|Any CPU = Release|Any CPU
	EndGlobalSection
	GlobalSection(ProjectConfigurationPlatforms) = postSolution
		{D92F90C3-7B48-4722-88E9-C913220B69B1}.Debug|Any CPU.ActiveCfg = Debug|Any CPU
		{D92F90C3-7B48-4722-88E9-C913220B69B1}.Debug|Any CPU.Build.0 = Debug|Any CPU
		{D92F90C3-7B48-4722-88E9-C913220B69B1}.Release|Any CPU.ActiveCfg = Release|Any CPU
		{D92F90C3-7B48-4722-88E9-C913220B69B1}.Release|Any CPU.Build.0 = Release|Any CPU
		{D2E6A70E-B0D5-4F71-BF8B-9EDAC995867A}.Debug|Any CPU.ActiveCfg = Debug|Any CPU
		{D2E6A70E-B0D5-4F71-BF8B-9EDAC995867A}.Debug|Any CPU.Build.0 = Debug|Any CPU
		{D2E6A70E-B0D5-4F71-BF8B-9EDAC995867A}.Release|Any CPU.ActiveCfg = Release|Any CPU
		{D2E6A70E-B0D5-4F71-BF8B-9EDAC995867A}.Release|Any CPU.Build.0 = Release|Any CPU
		{98AEAA01-FF67-4733-A772-61A369106651}.Debug|Any CPU.ActiveCfg = Debug|Any CPU
		{98AEAA01-FF67-4733-A772-61A369106651}.Debug|Any CPU.Build.0 = Debug|Any CPU
		{98AEAA01-FF67-4733-A772-61A369106651}.Release|Any CPU.ActiveCfg = Release|Any CPU
		{98AEAA01-FF67-4733-A772-61A369106651}.Release|Any CPU.Build.0 = Release|Any CPU
		{88C51912-E362-4EF5-807E-7526BDCC3B1E}.Debug|Any CPU.ActiveCfg = Debug|Any CPU
		{88C51912-E362-4EF5-807E-7526BDCC3B1E}.Debug|Any CPU.Build.0 = Debug|Any CPU
		{88C51912-E362-4EF5-807E-7526BDCC3B1E}.Release|Any CPU.ActiveCfg = Release|Any CPU
		{88C51912-E362-4EF5-807E-7526BDCC3B1E}.Release|Any CPU.Build.0 = Release|Any CPU
		{226D42CE-0406-47A6-A4A1-4520BDB2F45F}.Debug|Any CPU.ActiveCfg = Debug|Any CPU
		{226D42CE-0406-47A6-A4A1-4520BDB2F45F}.Debug|Any CPU.Build.0 = Debug|Any CPU
		{226D42CE-0406-47A6-A4A1-4520BDB2F45F}.Release|Any CPU.ActiveCfg = Release|Any CPU
		{226D42CE-0406-47A6-A4A1-4520BDB2F45F}.Release|Any CPU.Build.0 = Release|Any CPU
	EndGlobalSection
	GlobalSection(SolutionProperties) = preSolution
		HideSolutionNode = FALSE
	EndGlobalSection
EndGlobal
